// !$*UTF8*$!
{
	archiveVersion = 1;
	classes = {
	};
	objectVersion = 46;
	objects = {

/* Begin PBXBuildFile section */
		4B371F401DAAF47A00EBE89C /* main.cpp in Sources */ = {isa = PBXBuildFile; fileRef = 4B371F3F1DAAF47A00EBE89C /* main.cpp */; };
/* End PBXBuildFile section */

/* Begin PBXCopyFilesBuildPhase section */
		4BC3085D1D904820009572D3 /* CopyFiles */ = {
			isa = PBXCopyFilesBuildPhase;
			buildActionMask = 2147483647;
			dstPath = /usr/share/man/man1/;
			dstSubfolderSpec = 0;
			files = (
			);
			runOnlyForDeploymentPostprocessing = 1;
		};
/* End PBXCopyFilesBuildPhase section */

/* Begin PBXFileReference section */
		4B371F3F1DAAF47A00EBE89C /* main.cpp */ = {isa = PBXFileReference; fileEncoding = 4; indentWidth = 4; lastKnownFileType = sourcecode.cpp.cpp; lineEnding = 0; path = main.cpp; sourceTree = "<group>"; tabWidth = 4; usesTabs = 0; wrapsLines = 0; };
		4BC3085F1D904820009572D3 /* dai-questao-03 */ = {isa = PBXFileReference; explicitFileType = "compiled.mach-o.executable"; includeInIndex = 0; path = "dai-questao-03"; sourceTree = BUILT_PRODUCTS_DIR; };
/* End PBXFileReference section */

/* Begin PBXFrameworksBuildPhase section */
		4BC3085C1D904820009572D3 /* Frameworks */ = {
			isa = PBXFrameworksBuildPhase;
			buildActionMask = 2147483647;
			files = (
			);
			runOnlyForDeploymentPostprocessing = 0;
		};
/* End PBXFrameworksBuildPhase section */

/* Begin PBXGroup section */
		4BC308561D904820009572D3 = {
			isa = PBXGroup;
			children = (
				4BC308611D904820009572D3 /* source */,
				4BC308601D904820009572D3 /* Products */,
			);
			sourceTree = "<group>";
		};
		4BC308601D904820009572D3 /* Products */ = {
			isa = PBXGroup;
			children = (
				4BC3085F1D904820009572D3 /* dai-questao-03 */,
			);
			name = Products;
			sourceTree = SOURCE_ROOT;
		};
		4BC308611D904820009572D3 /* source */ = {
			isa = PBXGroup;
			children = (
				4B371F3F1DAAF47A00EBE89C /* main.cpp */,
			);
			name = source;
			path = src;
			sourceTree = "<group>";
		};
/* End PBXGroup section */

/* Begin PBXNativeTarget section */
		4BC3085E1D904820009572D3 /* tp2_osx */ = {
			isa = PBXNativeTarget;
			buildConfigurationList = 4BC308661D904820009572D3 /* Build configuration list for PBXNativeTarget "tp2_osx" */;
			buildPhases = (
				4BC3085B1D904820009572D3 /* Sources */,
				4BC3085C1D904820009572D3 /* Frameworks */,
				4BC3085D1D904820009572D3 /* CopyFiles */,
			);
			buildRules = (
			);
			dependencies = (
			);
			name = tp2_osx;
			productName = teste_ocv2;
			productReference = 4BC3085F1D904820009572D3 /* dai-questao-03 */;
			productType = "com.apple.product-type.tool";
		};
/* End PBXNativeTarget section */

/* Begin PBXProject section */
		4BC308571D904820009572D3 /* Project object */ = {
			isa = PBXProject;
			attributes = {
				LastUpgradeCheck = 0730;
				ORGANIZATIONNAME = "Cassiano Rabelo";
				TargetAttributes = {
					4BC3085E1D904820009572D3 = {
						CreatedOnToolsVersion = 7.3;
					};
				};
			};
			buildConfigurationList = 4BC3085A1D904820009572D3 /* Build configuration list for PBXProject "DAI-questao-03-avião" */;
			compatibilityVersion = "Xcode 3.2";
			developmentRegion = English;
			hasScannedForEncodings = 0;
			knownRegions = (
				en,
			);
			mainGroup = 4BC308561D904820009572D3;
			productRefGroup = 4BC308601D904820009572D3 /* Products */;
			projectDirPath = "";
			projectRoot = "";
			targets = (
				4BC3085E1D904820009572D3 /* tp2_osx */,
			);
		};
/* End PBXProject section */

/* Begin PBXSourcesBuildPhase section */
		4BC3085B1D904820009572D3 /* Sources */ = {
			isa = PBXSourcesBuildPhase;
			buildActionMask = 2147483647;
			files = (
				4B371F401DAAF47A00EBE89C /* main.cpp in Sources */,
			);
			runOnlyForDeploymentPostprocessing = 0;
		};
/* End PBXSourcesBuildPhase section */

/* Begin XCBuildConfiguration section */
		4BC308641D904820009572D3 /* Debug */ = {
			isa = XCBuildConfiguration;
			buildSettings = {
				ALWAYS_SEARCH_USER_PATHS = NO;
				CLANG_ANALYZER_NONNULL = YES;
				CLANG_CXX_LANGUAGE_STANDARD = "gnu++0x";
				CLANG_CXX_LIBRARY = "libc++";
				CLANG_ENABLE_MODULES = YES;
				CLANG_ENABLE_OBJC_ARC = YES;
				CLANG_WARN_BOOL_CONVERSION = YES;
				CLANG_WARN_CONSTANT_CONVERSION = YES;
				CLANG_WARN_DIRECT_OBJC_ISA_USAGE = YES_ERROR;
				CLANG_WARN_EMPTY_BODY = YES;
				CLANG_WARN_ENUM_CONVERSION = YES;
				CLANG_WARN_INT_CONVERSION = YES;
				CLANG_WARN_OBJC_ROOT_CLASS = YES_ERROR;
				CLANG_WARN_UNREACHABLE_CODE = YES;
				CLANG_WARN__DUPLICATE_METHOD_MATCH = YES;
				CODE_SIGN_IDENTITY = "-";
				COPY_PHASE_STRIP = NO;
				DEBUG_INFORMATION_FORMAT = dwarf;
				ENABLE_STRICT_OBJC_MSGSEND = YES;
				ENABLE_TESTABILITY = YES;
				GCC_C_LANGUAGE_STANDARD = gnu99;
				GCC_DYNAMIC_NO_PIC = NO;
				GCC_NO_COMMON_BLOCKS = YES;
				GCC_OPTIMIZATION_LEVEL = 0;
				GCC_PREPROCESSOR_DEFINITIONS = (
					"DEBUG=1",
					"$(inherited)",
				);
				GCC_WARN_64_TO_32_BIT_CONVERSION = YES;
				GCC_WARN_ABOUT_RETURN_TYPE = YES_ERROR;
				GCC_WARN_UNDECLARED_SELECTOR = YES;
				GCC_WARN_UNINITIALIZED_AUTOS = YES_AGGRESSIVE;
				GCC_WARN_UNUSED_FUNCTION = YES;
				GCC_WARN_UNUSED_VARIABLE = YES;
				MACOSX_DEPLOYMENT_TARGET = 10.11;
				MTL_ENABLE_DEBUG_INFO = YES;
				ONLY_ACTIVE_ARCH = YES;
				PRODUCT_NAME = "";
				SDKROOT = macosx;
			};
			name = Debug;
		};
		4BC308651D904820009572D3 /* Release */ = {
			isa = XCBuildConfiguration;
			buildSettings = {
				ALWAYS_SEARCH_USER_PATHS = NO;
				CLANG_ANALYZER_NONNULL = YES;
				CLANG_CXX_LANGUAGE_STANDARD = "gnu++0x";
				CLANG_CXX_LIBRARY = "libc++";
				CLANG_ENABLE_MODULES = YES;
				CLANG_ENABLE_OBJC_ARC = YES;
				CLANG_WARN_BOOL_CONVERSION = YES;
				CLANG_WARN_CONSTANT_CONVERSION = YES;
				CLANG_WARN_DIRECT_OBJC_ISA_USAGE = YES_ERROR;
				CLANG_WARN_EMPTY_BODY = YES;
				CLANG_WARN_ENUM_CONVERSION = YES;
				CLANG_WARN_INT_CONVERSION = YES;
				CLANG_WARN_OBJC_ROOT_CLASS = YES_ERROR;
				CLANG_WARN_UNREACHABLE_CODE = YES;
				CLANG_WARN__DUPLICATE_METHOD_MATCH = YES;
				CODE_SIGN_IDENTITY = "-";
				COPY_PHASE_STRIP = NO;
				DEBUG_INFORMATION_FORMAT = "dwarf-with-dsym";
				ENABLE_NS_ASSERTIONS = NO;
				ENABLE_STRICT_OBJC_MSGSEND = YES;
				GCC_C_LANGUAGE_STANDARD = gnu99;
				GCC_NO_COMMON_BLOCKS = YES;
				GCC_WARN_64_TO_32_BIT_CONVERSION = YES;
				GCC_WARN_ABOUT_RETURN_TYPE = YES_ERROR;
				GCC_WARN_UNDECLARED_SELECTOR = YES;
				GCC_WARN_UNINITIALIZED_AUTOS = YES_AGGRESSIVE;
				GCC_WARN_UNUSED_FUNCTION = YES;
				GCC_WARN_UNUSED_VARIABLE = YES;
				MACOSX_DEPLOYMENT_TARGET = 10.11;
				MTL_ENABLE_DEBUG_INFO = NO;
				PRODUCT_NAME = "";
				SDKROOT = macosx;
			};
			name = Release;
		};
		4BC308671D904820009572D3 /* Debug */ = {
			isa = XCBuildConfiguration;
			buildSettings = {
				HEADER_SEARCH_PATHS = (
					"/Developer/NVIDIA/CUDA-7.5/include",
					/usr/local/include,
					/opt/X11/include,
				);
				LIBRARY_SEARCH_PATHS = (
					/usr/local/lib,
					/opt/X11/lib,
				);
				OTHER_LDFLAGS = (
					"-lopencv_aruco",
					"-lopencv_bgsegm",
					"-lopencv_bioinspired",
					"-lopencv_calib3d",
					"-lopencv_ccalib",
					"-lopencv_core",
					"-lopencv_cudaarithm",
					"-lopencv_cudabgsegm",
					"-lopencv_cudafeatures2d",
					"-lopencv_cudafilters",
					"-lopencv_cudaimgproc",
					"-lopencv_cudalegacy",
					"-lopencv_cudaobjdetect",
					"-lopencv_cudaoptflow",
					"-lopencv_cudastereo",
					"-lopencv_cudawarping",
					"-lopencv_cudev",
					"-lopencv_datasets",
					"-lopencv_dnn",
					"-lopencv_dpm",
					"-lopencv_face",
					"-lopencv_features2d",
					"-lopencv_flann",
					"-lopencv_fuzzy",
					"-lopencv_highgui",
					"-lopencv_imgcodecs",
					"-lopencv_imgproc",
					"-lopencv_line_descriptor",
					"-lopencv_ml",
					"-lopencv_objdetect",
					"-lopencv_optflow",
					"-lopencv_photo",
					"-lopencv_plot",
					"-lopencv_reg",
					"-lopencv_rgbd",
					"-lopencv_saliency",
					"-lopencv_shape",
					"-lopencv_stereo",
					"-lopencv_stitching",
					"-lopencv_structured_light",
					"-lopencv_superres",
					"-lopencv_surface_matching",
					"-lopencv_text",
					"-lopencv_tracking",
					"-lopencv_video",
					"-lopencv_videoio",
					"-lopencv_videostab",
					"-lopencv_xfeatures2d",
					"-lopencv_ximgproc",
					"-lopencv_xobjdetect",
					"-lopencv_xphoto",
					"-lglfw3",
					"-lglew",
				);
				PRODUCT_NAME = "dai-questao-03";
			};
			name = Debug;
		};
		4BC308681D904820009572D3 /* Release */ = {
			isa = XCBuildConfiguration;
			buildSettings = {
				HEADER_SEARCH_PATHS = (
					"/Developer/NVIDIA/CUDA-7.5/include",
					/usr/local/include,
					/opt/X11/include,
				);
				LIBRARY_SEARCH_PATHS = (
					/usr/local/lib,
					/opt/X11/lib,
				);
				OTHER_LDFLAGS = (
					"-lopencv_aruco",
					"-lopencv_bgsegm",
					"-lopencv_bioinspired",
					"-lopencv_calib3d",
					"-lopencv_ccalib",
					"-lopencv_core",
					"-lopencv_cudaarithm",
					"-lopencv_cudabgsegm",
					"-lopencv_cudafeatures2d",
					"-lopencv_cudafilters",
					"-lopencv_cudaimgproc",
					"-lopencv_cudalegacy",
					"-lopencv_cudaobjdetect",
					"-lopencv_cudaoptflow",
					"-lopencv_cudastereo",
					"-lopencv_cudawarping",
					"-lopencv_cudev",
					"-lopencv_datasets",
					"-lopencv_dnn",
					"-lopencv_dpm",
					"-lopencv_face",
					"-lopencv_features2d",
					"-lopencv_flann",
					"-lopencv_fuzzy",
					"-lopencv_highgui",
					"-lopencv_imgcodecs",
					"-lopencv_imgproc",
					"-lopencv_line_descriptor",
					"-lopencv_ml",
					"-lopencv_objdetect",
					"-lopencv_optflow",
					"-lopencv_photo",
					"-lopencv_plot",
					"-lopencv_reg",
					"-lopencv_rgbd",
					"-lopencv_saliency",
					"-lopencv_shape",
					"-lopencv_stereo",
					"-lopencv_stitching",
					"-lopencv_structured_light",
					"-lopencv_superres",
					"-lopencv_surface_matching",
					"-lopencv_text",
					"-lopencv_tracking",
					"-lopencv_video",
					"-lopencv_videoio",
					"-lopencv_videostab",
					"-lopencv_xfeatures2d",
					"-lopencv_ximgproc",
					"-lopencv_xobjdetect",
					"-lopencv_xphoto",
					"-lglfw3",
					"-lglew",
				);
				PRODUCT_NAME = "dai-questao-03";
			};
			name = Release;
		};
/* End XCBuildConfiguration section */

/* Begin XCConfigurationList section */
		4BC3085A1D904820009572D3 /* Build configuration list for PBXProject "DAI-questao-03-avião" */ = {
			isa = XCConfigurationList;
			buildConfigurations = (
				4BC308641D904820009572D3 /* Debug */,
				4BC308651D904820009572D3 /* Release */,
			);
			defaultConfigurationIsVisible = 0;
			defaultConfigurationName = Release;
		};
		4BC308661D904820009572D3 /* Build configuration list for PBXNativeTarget "tp2_osx" */ = {
			isa = XCConfigurationList;
			buildConfigurations = (
				4BC308671D904820009572D3 /* Debug */,
				4BC308681D904820009572D3 /* Release */,
			);
			defaultConfigurationIsVisible = 0;
			defaultConfigurationName = Release;
		};
/* End XCConfigurationList section */
	};
	rootObject = 4BC308571D904820009572D3 /* Project object */;
}
